
Microsoft Visual Studio Solution File, Format Version 12.00
# Visual Studio Version 17
VisualStudioVersion = 17.3.32929.385
MinimumVisualStudioVersion = 10.0.40219.1
Project("{FAE04EC0-301F-11D3-BF4B-00C04F79EFBC}") = "Publisher", "Publisher\Publisher.csproj", "{A052382D-FA51-4DF3-A2B2-29B25602F7BF}"
EndProject
Project("{FAE04EC0-301F-11D3-BF4B-00C04F79EFBC}") = "Consumer", "Consumer\Consumer.csproj", "{3E3E2CB5-8BF7-418B-A1EB-B69330F04E80}"
EndProject
Global
	GlobalSection(SolutionConfigurationPlatforms) = preSolution
		Debug|Any CPU = Debug|Any CPU
		Release|Any CPU = Release|Any CPU
	EndGlobalSection
	GlobalSection(ProjectConfigurationPlatforms) = postSolution
		{A052382D-FA51-4DF3-A2B2-29B25602F7BF}.Debug|Any CPU.ActiveCfg = Debug|Any CPU
		{A052382D-FA51-4DF3-A2B2-29B25602F7BF}.Debug|Any CPU.Build.0 = Debug|Any CPU
		{A052382D-FA51-4DF3-A2B2-29B25602F7BF}.Release|Any CPU.ActiveCfg = Release|Any CPU
		{A052382D-FA51-4DF3-A2B2-29B25602F7BF}.Release|Any CPU.Build.0 = Release|Any CPU
		{3E3E2CB5-8BF7-418B-A1EB-B69330F04E80}.Debug|Any CPU.ActiveCfg = Debug|Any CPU
		{3E3E2CB5-8BF7-418B-A1EB-B69330F04E80}.Debug|Any CPU.Build.0 = Debug|Any CPU
		{3E3E2CB5-8BF7-418B-A1EB-B69330F04E80}.Release|Any CPU.ActiveCfg = Release|Any CPU
		{3E3E2CB5-8BF7-418B-A1EB-B69330F04E80}.Release|Any CPU.Build.0 = Release|Any CPU
	EndGlobalSection
	GlobalSection(SolutionProperties) = preSolution
		HideSolutionNode = FALSE
	EndGlobalSection
	GlobalSection(ExtensibilityGlobals) = postSolution
		SolutionGuid = {5A372E49-E560-42C7-B6DF-3CF0B8D956A1}
	EndGlobalSection
EndGlobal
